
Microsoft Visual Studio Solution File, Format Version 12.00
# Visual Studio Version 17
VisualStudioVersion = 17.10.35122.118
MinimumVisualStudioVersion = 10.0.40219.1
Project("{FAE04EC0-301F-11D3-BF4B-00C04F79EFBC}") = "InClassAssignment", "InClassAssignment\InClassAssignment.csproj", "{68B22845-7919-4D0F-9543-4965A4984E47}"
EndProject
Global
	GlobalSection(SolutionConfigurationPlatforms) = preSolution
		Debug|Any CPU = Debug|Any CPU
		Release|Any CPU = Release|Any CPU
	EndGlobalSection
	GlobalSection(ProjectConfigurationPlatforms) = postSolution
		{68B22845-7919-4D0F-9543-4965A4984E47}.Debug|Any CPU.ActiveCfg = Debug|Any CPU
		{68B22845-7919-4D0F-9543-4965A4984E47}.Debug|Any CPU.Build.0 = Debug|Any CPU
		{68B22845-7919-4D0F-9543-4965A4984E47}.Release|Any CPU.ActiveCfg = Release|Any CPU
		{68B22845-7919-4D0F-9543-4965A4984E47}.Release|Any CPU.Build.0 = Release|Any CPU
	EndGlobalSection
	GlobalSection(SolutionProperties) = preSolution
		HideSolutionNode = FALSE
	EndGlobalSection
	GlobalSection(ExtensibilityGlobals) = postSolution
		SolutionGuid = {E8B7AE87-0725-4D4E-964C-CAD5897048BE}
	EndGlobalSection
EndGlobal
